// !$*UTF8*$!
{
	archiveVersion = 1;
	classes = {
	};
	objectVersion = 77;
	objects = {

/* Begin PBXBuildFile section */
		9D0BD3872DFD18320029DBBB /* CircleWithTextWithoutPref.swift in Sources */ = {isa = PBXBuildFile; fileRef = 9D0BD3862DFD182E0029DBBB /* CircleWithTextWithoutPref.swift */; };
		9D0BD3892DFDB1080029DBBB /* ThinkingInSwiftUI_AnimatedStack.swift in Sources */ = {isa = PBXBuildFile; fileRef = 9D0BD3882DFDB0FD0029DBBB /* ThinkingInSwiftUI_AnimatedStack.swift */; };
		9D0BD38B2DFE31210029DBBB /* LayoutCodeOrganization.swift in Sources */ = {isa = PBXBuildFile; fileRef = 9D0BD38A2DFE310F0029DBBB /* LayoutCodeOrganization.swift */; };
		9D0BD3C02E0261560029DBBB /* StateObject.swift in Sources */ = {isa = PBXBuildFile; fileRef = 9D0BD3BF2E02601F0029DBBB /* StateObject.swift */; };
		9D0BD4022E09CD560029DBBB /* PreferencesWithoutGeometryReader.swift in Sources */ = {isa = PBXBuildFile; fileRef = 9D0BD4012E09CD420029DBBB /* PreferencesWithoutGeometryReader.swift */; };
		9D3C749A2DF874060048D4E1 /* CompositionalLayout.swift in Sources */ = {isa = PBXBuildFile; fileRef = 9D3C74912DF874060048D4E1 /* CompositionalLayout.swift */; };
		9D3C749C2DF874060048D4E1 /* Counter.swift in Sources */ = {isa = PBXBuildFile; fileRef = 9D3C74932DF874060048D4E1 /* Counter.swift */; };
		9D3C749D2DF874060048D4E1 /* ImageTest.swift in Sources */ = {isa = PBXBuildFile; fileRef = 9D3C74942DF874060048D4E1 /* ImageTest.swift */; };
		9D3C749E2DF874060048D4E1 /* TilesWithStack.swift in Sources */ = {isa = PBXBuildFile; fileRef = 9D3C74952DF874060048D4E1 /* TilesWithStack.swift */; };
		9D3C749F2DF874060048D4E1 /* MeasureBehavior.swift in Sources */ = {isa = PBXBuildFile; fileRef = 9D3C74962DF874060048D4E1 /* MeasureBehavior.swift */; };
		9D3C74A02DF874060048D4E1 /* ScrollTest.swift in Sources */ = {isa = PBXBuildFile; fileRef = 9D3C74972DF874060048D4E1 /* ScrollTest.swift */; };
		9D3C74A12DF874060048D4E1 /* SwiftUIAutoLayoutApp.swift in Sources */ = {isa = PBXBuildFile; fileRef = 9D3C74982DF874060048D4E1 /* SwiftUIAutoLayoutApp.swift */; };
		9D3C74A22DF874060048D4E1 /* Preview Assets.xcassets in Resources */ = {isa = PBXBuildFile; fileRef = 9D3C748E2DF874060048D4E1 /* Preview Assets.xcassets */; };
		9D3C74A32DF874060048D4E1 /* Assets.xcassets in Resources */ = {isa = PBXBuildFile; fileRef = 9D3C74902DF874060048D4E1 /* Assets.xcassets */; };
		9D3C74A52DF8876E0048D4E1 /* Variable.swift in Sources */ = {isa = PBXBuildFile; fileRef = 9D3C74A42DF8876E0048D4E1 /* Variable.swift */; };
		9D3C74A72DF8941C0048D4E1 /* CircleWithText.swift in Sources */ = {isa = PBXBuildFile; fileRef = 9D3C74A62DF8941C0048D4E1 /* CircleWithText.swift */; };
		9D3C74AA2DF8E84F0048D4E1 /* IndexCardsWithStack.swift in Sources */ = {isa = PBXBuildFile; fileRef = 9D3C74A92DF8E84F0048D4E1 /* IndexCardsWithStack.swift */; };
		9D3C74AC2DF8FB430048D4E1 /* Grid.swift in Sources */ = {isa = PBXBuildFile; fileRef = 9D3C74AB2DF8FB410048D4E1 /* Grid.swift */; };
		9D3C74AE2DF907DB0048D4E1 /* Grid2.swift in Sources */ = {isa = PBXBuildFile; fileRef = 9D3C74AD2DF907D70048D4E1 /* Grid2.swift */; };
		9D3C74B02DF929F50048D4E1 /* LazyGrid.swift in Sources */ = {isa = PBXBuildFile; fileRef = 9D3C74AF2DF929F50048D4E1 /* LazyGrid.swift */; };
		9D3C74BC2DFC73ED0048D4E1 /* AnchorSimpleExample.swift in Sources */ = {isa = PBXBuildFile; fileRef = 9D3C74BB2DFC73EA0048D4E1 /* AnchorSimpleExample.swift */; };
		9D3C74BE2DFCEAEA0048D4E1 /* AnchorTabsExample.swift in Sources */ = {isa = PBXBuildFile; fileRef = 9D3C74BD2DFCEADD0048D4E1 /* AnchorTabsExample.swift */; };
		9D52781C2E3B8AFD0046C07A /* CompactModeReader.swift in Sources */ = {isa = PBXBuildFile; fileRef = 9D52781B2E3B8AFD0046C07A /* CompactModeReader.swift */; };
		9D5278222E3BCCB90046C07A /* ViewModelExample.swift in Sources */ = {isa = PBXBuildFile; fileRef = 9D5278212E3BCCB20046C07A /* ViewModelExample.swift */; };
		9D5916032E10559000797BA7 /* NavigationPathSample.swift in Sources */ = {isa = PBXBuildFile; fileRef = 9D5916022E10559000797BA7 /* NavigationPathSample.swift */; };
		9D5916062E10710100797BA7 /* NavigationPathTree.swift in Sources */ = {isa = PBXBuildFile; fileRef = 9D5916052E10710100797BA7 /* NavigationPathTree.swift */; };
		9D5916092E10C42200797BA7 /* sandbox.swift in Sources */ = {isa = PBXBuildFile; fileRef = 9D5916082E10C42200797BA7 /* sandbox.swift */; };
		9D5916102E17F4C200797BA7 /* CircleLayout.swift in Sources */ = {isa = PBXBuildFile; fileRef = 9D59160F2E17F4BC00797BA7 /* CircleLayout.swift */; };
		9D5916122E189D8200797BA7 /* MyHStack.swift in Sources */ = {isa = PBXBuildFile; fileRef = 9D5916112E189D8200797BA7 /* MyHStack.swift */; };
		9DA62E292E36EA7B00C85E7E /* Car+CoreDataClass.swift in Sources */ = {isa = PBXBuildFile; fileRef = 9DA62E232E36EA7B00C85E7E /* Car+CoreDataClass.swift */; };
		9DA62E2A2E36EA7B00C85E7E /* DBGenerator.swift in Sources */ = {isa = PBXBuildFile; fileRef = 9DA62E242E36EA7B00C85E7E /* DBGenerator.swift */; };
		9DA62E2B2E36EA7B00C85E7E /* CoreDataStack.swift in Sources */ = {isa = PBXBuildFile; fileRef = 9DA62E252E36EA7B00C85E7E /* CoreDataStack.swift */; };
		9DA62E2F2E36EAF500C85E7E /* FetchRequest.swift in Sources */ = {isa = PBXBuildFile; fileRef = 9DA62E2E2E36EAF500C85E7E /* FetchRequest.swift */; };
		9DA62E322E36ED3300C85E7E /* Model.xcdatamodeld in Sources */ = {isa = PBXBuildFile; fileRef = 9DA62E302E36ED3300C85E7E /* Model.xcdatamodeld */; };
		9DA62E342E36F2D000C85E7E /* BindingExample.swift in Sources */ = {isa = PBXBuildFile; fileRef = 9DA62E332E36F2D000C85E7E /* BindingExample.swift */; };
		9DB39EDF2E54141C00F9708A /* ZoomableScrollView.swift in Sources */ = {isa = PBXBuildFile; fileRef = 9DB39EDE2E54141600F9708A /* ZoomableScrollView.swift */; };
		9DB39EE22E54AED300F9708A /* UIViewRepresentableExample.swift in Sources */ = {isa = PBXBuildFile; fileRef = 9DB39EE12E54AEC700F9708A /* UIViewRepresentableExample.swift */; };
		9DB39EE42E54E17100F9708A /* ZoomableScrollViewExample.swift in Sources */ = {isa = PBXBuildFile; fileRef = 9DB39EE32E54E16900F9708A /* ZoomableScrollViewExample.swift */; };
/* End PBXBuildFile section */

/* Begin PBXFileReference section */
		9D0BD3862DFD182E0029DBBB /* CircleWithTextWithoutPref.swift */ = {isa = PBXFileReference; lastKnownFileType = sourcecode.swift; path = CircleWithTextWithoutPref.swift; sourceTree = "<group>"; };
		9D0BD3882DFDB0FD0029DBBB /* ThinkingInSwiftUI_AnimatedStack.swift */ = {isa = PBXFileReference; lastKnownFileType = sourcecode.swift; path = ThinkingInSwiftUI_AnimatedStack.swift; sourceTree = "<group>"; };
		9D0BD38A2DFE310F0029DBBB /* LayoutCodeOrganization.swift */ = {isa = PBXFileReference; lastKnownFileType = sourcecode.swift; path = LayoutCodeOrganization.swift; sourceTree = "<group>"; };
		9D0BD3BF2E02601F0029DBBB /* StateObject.swift */ = {isa = PBXFileReference; lastKnownFileType = sourcecode.swift; path = StateObject.swift; sourceTree = "<group>"; };
		9D0BD4012E09CD420029DBBB /* PreferencesWithoutGeometryReader.swift */ = {isa = PBXFileReference; lastKnownFileType = sourcecode.swift; path = PreferencesWithoutGeometryReader.swift; sourceTree = "<group>"; };
		9D3C748E2DF874060048D4E1 /* Preview Assets.xcassets */ = {isa = PBXFileReference; lastKnownFileType = folder.assetcatalog; path = "Preview Assets.xcassets"; sourceTree = "<group>"; };
		9D3C74902DF874060048D4E1 /* Assets.xcassets */ = {isa = PBXFileReference; lastKnownFileType = folder.assetcatalog; path = Assets.xcassets; sourceTree = "<group>"; };
		9D3C74912DF874060048D4E1 /* CompositionalLayout.swift */ = {isa = PBXFileReference; lastKnownFileType = sourcecode.swift; path = CompositionalLayout.swift; sourceTree = "<group>"; };
		9D3C74932DF874060048D4E1 /* Counter.swift */ = {isa = PBXFileReference; lastKnownFileType = sourcecode.swift; path = Counter.swift; sourceTree = "<group>"; };
		9D3C74942DF874060048D4E1 /* ImageTest.swift */ = {isa = PBXFileReference; lastKnownFileType = sourcecode.swift; path = ImageTest.swift; sourceTree = "<group>"; };
		9D3C74952DF874060048D4E1 /* TilesWithStack.swift */ = {isa = PBXFileReference; lastKnownFileType = sourcecode.swift; path = TilesWithStack.swift; sourceTree = "<group>"; };
		9D3C74962DF874060048D4E1 /* MeasureBehavior.swift */ = {isa = PBXFileReference; lastKnownFileType = sourcecode.swift; path = MeasureBehavior.swift; sourceTree = "<group>"; };
		9D3C74972DF874060048D4E1 /* ScrollTest.swift */ = {isa = PBXFileReference; lastKnownFileType = sourcecode.swift; path = ScrollTest.swift; sourceTree = "<group>"; };
		9D3C74982DF874060048D4E1 /* SwiftUIAutoLayoutApp.swift */ = {isa = PBXFileReference; lastKnownFileType = sourcecode.swift; path = SwiftUIAutoLayoutApp.swift; sourceTree = "<group>"; };
		9D3C74A42DF8876E0048D4E1 /* Variable.swift */ = {isa = PBXFileReference; lastKnownFileType = sourcecode.swift; path = Variable.swift; sourceTree = "<group>"; };
		9D3C74A62DF8941C0048D4E1 /* CircleWithText.swift */ = {isa = PBXFileReference; lastKnownFileType = sourcecode.swift; path = CircleWithText.swift; sourceTree = "<group>"; };
		9D3C74A92DF8E84F0048D4E1 /* IndexCardsWithStack.swift */ = {isa = PBXFileReference; lastKnownFileType = sourcecode.swift; path = IndexCardsWithStack.swift; sourceTree = "<group>"; };
		9D3C74AB2DF8FB410048D4E1 /* Grid.swift */ = {isa = PBXFileReference; lastKnownFileType = sourcecode.swift; path = Grid.swift; sourceTree = "<group>"; };
		9D3C74AD2DF907D70048D4E1 /* Grid2.swift */ = {isa = PBXFileReference; lastKnownFileType = sourcecode.swift; path = Grid2.swift; sourceTree = "<group>"; };
		9D3C74AF2DF929F50048D4E1 /* LazyGrid.swift */ = {isa = PBXFileReference; lastKnownFileType = sourcecode.swift; path = LazyGrid.swift; sourceTree = "<group>"; };
		9D3C74BB2DFC73EA0048D4E1 /* AnchorSimpleExample.swift */ = {isa = PBXFileReference; lastKnownFileType = sourcecode.swift; path = AnchorSimpleExample.swift; sourceTree = "<group>"; };
		9D3C74BD2DFCEADD0048D4E1 /* AnchorTabsExample.swift */ = {isa = PBXFileReference; lastKnownFileType = sourcecode.swift; path = AnchorTabsExample.swift; sourceTree = "<group>"; };
		9D52781B2E3B8AFD0046C07A /* CompactModeReader.swift */ = {isa = PBXFileReference; lastKnownFileType = sourcecode.swift; path = CompactModeReader.swift; sourceTree = "<group>"; };
		9D5278212E3BCCB20046C07A /* ViewModelExample.swift */ = {isa = PBXFileReference; lastKnownFileType = sourcecode.swift; path = ViewModelExample.swift; sourceTree = "<group>"; };
		9D5916022E10559000797BA7 /* NavigationPathSample.swift */ = {isa = PBXFileReference; lastKnownFileType = sourcecode.swift; path = NavigationPathSample.swift; sourceTree = "<group>"; };
		9D5916052E10710100797BA7 /* NavigationPathTree.swift */ = {isa = PBXFileReference; lastKnownFileType = sourcecode.swift; path = NavigationPathTree.swift; sourceTree = "<group>"; };
		9D5916082E10C42200797BA7 /* sandbox.swift */ = {isa = PBXFileReference; lastKnownFileType = sourcecode.swift; path = sandbox.swift; sourceTree = "<group>"; };
		9D59160F2E17F4BC00797BA7 /* CircleLayout.swift */ = {isa = PBXFileReference; lastKnownFileType = sourcecode.swift; path = CircleLayout.swift; sourceTree = "<group>"; };
		9D5916112E189D8200797BA7 /* MyHStack.swift */ = {isa = PBXFileReference; lastKnownFileType = sourcecode.swift; path = MyHStack.swift; sourceTree = "<group>"; };
		9D93F8642DF63977009A957B /* SwiftUIAutoLayout.app */ = {isa = PBXFileReference; explicitFileType = wrapper.application; includeInIndex = 0; path = SwiftUIAutoLayout.app; sourceTree = BUILT_PRODUCTS_DIR; };
		9DA62E232E36EA7B00C85E7E /* Car+CoreDataClass.swift */ = {isa = PBXFileReference; lastKnownFileType = sourcecode.swift; path = "Car+CoreDataClass.swift"; sourceTree = "<group>"; };
		9DA62E242E36EA7B00C85E7E /* DBGenerator.swift */ = {isa = PBXFileReference; lastKnownFileType = sourcecode.swift; path = DBGenerator.swift; sourceTree = "<group>"; };
		9DA62E252E36EA7B00C85E7E /* CoreDataStack.swift */ = {isa = PBXFileReference; lastKnownFileType = sourcecode.swift; path = CoreDataStack.swift; sourceTree = "<group>"; };
		9DA62E2E2E36EAF500C85E7E /* FetchRequest.swift */ = {isa = PBXFileReference; lastKnownFileType = sourcecode.swift; path = FetchRequest.swift; sourceTree = "<group>"; };
		9DA62E312E36ED3300C85E7E /* Model.xcdatamodel */ = {isa = PBXFileReference; lastKnownFileType = wrapper.xcdatamodel; path = Model.xcdatamodel; sourceTree = "<group>"; };
		9DA62E332E36F2D000C85E7E /* BindingExample.swift */ = {isa = PBXFileReference; lastKnownFileType = sourcecode.swift; path = BindingExample.swift; sourceTree = "<group>"; };
		9DB39EDE2E54141600F9708A /* ZoomableScrollView.swift */ = {isa = PBXFileReference; lastKnownFileType = sourcecode.swift; path = ZoomableScrollView.swift; sourceTree = "<group>"; };
		9DB39EE12E54AEC700F9708A /* UIViewRepresentableExample.swift */ = {isa = PBXFileReference; lastKnownFileType = sourcecode.swift; path = UIViewRepresentableExample.swift; sourceTree = "<group>"; };
		9DB39EE32E54E16900F9708A /* ZoomableScrollViewExample.swift */ = {isa = PBXFileReference; lastKnownFileType = sourcecode.swift; path = ZoomableScrollViewExample.swift; sourceTree = "<group>"; };
/* End PBXFileReference section */

/* Begin PBXFrameworksBuildPhase section */
		9D93F8612DF63977009A957B /* Frameworks */ = {
			isa = PBXFrameworksBuildPhase;
			buildActionMask = 2147483647;
			files = (
			);
			runOnlyForDeploymentPostprocessing = 0;
		};
/* End PBXFrameworksBuildPhase section */

/* Begin PBXGroup section */
		9D0BD3852DFD17560029DBBB /* Preferences */ = {
			isa = PBXGroup;
			children = (
				9D3C74BF2DFCEAF20048D4E1 /* Anchors */,
				9D3C74A62DF8941C0048D4E1 /* CircleWithText.swift */,
				9D0BD3862DFD182E0029DBBB /* CircleWithTextWithoutPref.swift */,
				9D0BD3882DFDB0FD0029DBBB /* ThinkingInSwiftUI_AnimatedStack.swift */,
				9D0BD4012E09CD420029DBBB /* PreferencesWithoutGeometryReader.swift */,
			);
			path = Preferences;
			sourceTree = "<group>";
		};
		9D3C748F2DF874060048D4E1 /* Preview Content */ = {
			isa = PBXGroup;
			children = (
				9D3C748E2DF874060048D4E1 /* Preview Assets.xcassets */,
			);
			path = "Preview Content";
			sourceTree = "<group>";
		};
		9D3C74992DF874060048D4E1 /* SwiftUIAutoLayout */ = {
			isa = PBXGroup;
			children = (
				9D3C74982DF874060048D4E1 /* SwiftUIAutoLayoutApp.swift */,
				9D3C748F2DF874060048D4E1 /* Preview Content */,
				9D3C74902DF874060048D4E1 /* Assets.xcassets */,
				9DB39EE02E54AEAC00F9708A /* SwiftUI-UIKit Bridges */,
				9DB39EDC2E54140900F9708A /* Zoom */,
				9D52781A2E3B8AA20046C07A /* Architecture */,
				9D3C74A82DF8965E0048D4E1 /* Collections */,
				9D0BD3852DFD17560029DBBB /* Preferences */,
				9D5916042E1070E400797BA7 /* Navigation */,
				9DA62E212E36EA5F00C85E7E /* CoreData */,
				9D0BD3BF2E02601F0029DBBB /* StateObject.swift */,
				9D3C74932DF874060048D4E1 /* Counter.swift */,
				9D3C74942DF874060048D4E1 /* ImageTest.swift */,
				9D3C74962DF874060048D4E1 /* MeasureBehavior.swift */,
				9D3C74972DF874060048D4E1 /* ScrollTest.swift */,
				9D3C74A42DF8876E0048D4E1 /* Variable.swift */,
				9D5916082E10C42200797BA7 /* sandbox.swift */,
			);
			path = SwiftUIAutoLayout;
			sourceTree = "<group>";
		};
		9D3C74A82DF8965E0048D4E1 /* Collections */ = {
			isa = PBXGroup;
			children = (
				9D59160E2E17F4B200797BA7 /* LayoutProtocol */,
				9D3C74912DF874060048D4E1 /* CompositionalLayout.swift */,
				9D3C74952DF874060048D4E1 /* TilesWithStack.swift */,
				9D3C74A92DF8E84F0048D4E1 /* IndexCardsWithStack.swift */,
				9D3C74AB2DF8FB410048D4E1 /* Grid.swift */,
				9D3C74AD2DF907D70048D4E1 /* Grid2.swift */,
				9D3C74AF2DF929F50048D4E1 /* LazyGrid.swift */,
			);
			path = Collections;
			sourceTree = "<group>";
		};
		9D3C74BF2DFCEAF20048D4E1 /* Anchors */ = {
			isa = PBXGroup;
			children = (
				9D3C74BB2DFC73EA0048D4E1 /* AnchorSimpleExample.swift */,
				9D3C74BD2DFCEADD0048D4E1 /* AnchorTabsExample.swift */,
			);
			path = Anchors;
			sourceTree = "<group>";
		};
		9D52781A2E3B8AA20046C07A /* Architecture */ = {
			isa = PBXGroup;
			children = (
				9D5278212E3BCCB20046C07A /* ViewModelExample.swift */,
				9D52781B2E3B8AFD0046C07A /* CompactModeReader.swift */,
				9D0BD38A2DFE310F0029DBBB /* LayoutCodeOrganization.swift */,
			);
			path = Architecture;
			sourceTree = "<group>";
		};
		9D5916042E1070E400797BA7 /* Navigation */ = {
			isa = PBXGroup;
			children = (
				9D5916052E10710100797BA7 /* NavigationPathTree.swift */,
				9D5916022E10559000797BA7 /* NavigationPathSample.swift */,
			);
			path = Navigation;
			sourceTree = "<group>";
		};
		9D59160E2E17F4B200797BA7 /* LayoutProtocol */ = {
			isa = PBXGroup;
			children = (
				9D59160F2E17F4BC00797BA7 /* CircleLayout.swift */,
				9D5916112E189D8200797BA7 /* MyHStack.swift */,
			);
			path = LayoutProtocol;
			sourceTree = "<group>";
		};
		9D93F85B2DF63977009A957B = {
			isa = PBXGroup;
			children = (
				9D3C74992DF874060048D4E1 /* SwiftUIAutoLayout */,
				9D93F8652DF63977009A957B /* Products */,
			);
			sourceTree = "<group>";
		};
		9D93F8652DF63977009A957B /* Products */ = {
			isa = PBXGroup;
			children = (
				9D93F8642DF63977009A957B /* SwiftUIAutoLayout.app */,
			);
			name = Products;
			sourceTree = "<group>";
		};
		9DA62E212E36EA5F00C85E7E /* CoreData */ = {
			isa = PBXGroup;
			children = (
				9DA62E2E2E36EAF500C85E7E /* FetchRequest.swift */,
				9DA62E332E36F2D000C85E7E /* BindingExample.swift */,
				9DA62E222E36EA7600C85E7E /* db */,
			);
			path = CoreData;
			sourceTree = "<group>";
		};
		9DA62E222E36EA7600C85E7E /* db */ = {
			isa = PBXGroup;
			children = (
				9DA62E232E36EA7B00C85E7E /* Car+CoreDataClass.swift */,
				9DA62E242E36EA7B00C85E7E /* DBGenerator.swift */,
				9DA62E252E36EA7B00C85E7E /* CoreDataStack.swift */,
				9DA62E302E36ED3300C85E7E /* Model.xcdatamodeld */,
			);
			path = db;
			sourceTree = "<group>";
		};
		9DB39EDC2E54140900F9708A /* Zoom */ = {
			isa = PBXGroup;
			children = (
				9DB39EE32E54E16900F9708A /* ZoomableScrollViewExample.swift */,
				9DB39EDE2E54141600F9708A /* ZoomableScrollView.swift */,
			);
			path = Zoom;
			sourceTree = "<group>";
		};
		9DB39EE02E54AEAC00F9708A /* SwiftUI-UIKit Bridges */ = {
			isa = PBXGroup;
			children = (
				9DB39EE12E54AEC700F9708A /* UIViewRepresentableExample.swift */,
			);
			path = "SwiftUI-UIKit Bridges";
			sourceTree = "<group>";
		};
/* End PBXGroup section */

/* Begin PBXNativeTarget section */
		9D93F8632DF63977009A957B /* SwiftUIAutoLayout */ = {
			isa = PBXNativeTarget;
			buildConfigurationList = 9D93F8722DF63979009A957B /* Build configuration list for PBXNativeTarget "SwiftUIAutoLayout" */;
			buildPhases = (
				9D93F8602DF63977009A957B /* Sources */,
				9D93F8612DF63977009A957B /* Frameworks */,
				9D93F8622DF63977009A957B /* Resources */,
			);
			buildRules = (
			);
			dependencies = (
			);
			name = SwiftUIAutoLayout;
			packageProductDependencies = (
			);
			productName = SwiftUIAutoLayout;
			productReference = 9D93F8642DF63977009A957B /* SwiftUIAutoLayout.app */;
			productType = "com.apple.product-type.application";
		};
/* End PBXNativeTarget section */

/* Begin PBXProject section */
		9D93F85C2DF63977009A957B /* Project object */ = {
			isa = PBXProject;
			attributes = {
				BuildIndependentTargetsInParallel = 1;
				LastSwiftUpdateCheck = 1620;
				LastUpgradeCheck = 1620;
				TargetAttributes = {
					9D93F8632DF63977009A957B = {
						CreatedOnToolsVersion = 16.2;
					};
				};
			};
			buildConfigurationList = 9D93F85F2DF63977009A957B /* Build configuration list for PBXProject "SwiftUIAutoLayout" */;
			developmentRegion = en;
			hasScannedForEncodings = 0;
			knownRegions = (
				en,
				Base,
			);
			mainGroup = 9D93F85B2DF63977009A957B;
			minimizedProjectReferenceProxies = 1;
			preferredProjectObjectVersion = 77;
			productRefGroup = 9D93F8652DF63977009A957B /* Products */;
			projectDirPath = "";
			projectRoot = "";
			targets = (
				9D93F8632DF63977009A957B /* SwiftUIAutoLayout */,
			);
		};
/* End PBXProject section */

/* Begin PBXResourcesBuildPhase section */
		9D93F8622DF63977009A957B /* Resources */ = {
			isa = PBXResourcesBuildPhase;
			buildActionMask = 2147483647;
			files = (
				9D3C74A22DF874060048D4E1 /* Preview Assets.xcassets in Resources */,
				9D3C74A32DF874060048D4E1 /* Assets.xcassets in Resources */,
			);
			runOnlyForDeploymentPostprocessing = 0;
		};
/* End PBXResourcesBuildPhase section */

/* Begin PBXSourcesBuildPhase section */
		9D93F8602DF63977009A957B /* Sources */ = {
			isa = PBXSourcesBuildPhase;
			buildActionMask = 2147483647;
			files = (
				9DA62E292E36EA7B00C85E7E /* Car+CoreDataClass.swift in Sources */,
				9DA62E342E36F2D000C85E7E /* BindingExample.swift in Sources */,
				9DB39EE22E54AED300F9708A /* UIViewRepresentableExample.swift in Sources */,
				9DA62E2A2E36EA7B00C85E7E /* DBGenerator.swift in Sources */,
				9DA62E2B2E36EA7B00C85E7E /* CoreDataStack.swift in Sources */,
				9D0BD3892DFDB1080029DBBB /* ThinkingInSwiftUI_AnimatedStack.swift in Sources */,
				9D5278222E3BCCB90046C07A /* ViewModelExample.swift in Sources */,
				9DB39EDF2E54141C00F9708A /* ZoomableScrollView.swift in Sources */,
				9D3C749A2DF874060048D4E1 /* CompositionalLayout.swift in Sources */,
				9D3C74B02DF929F50048D4E1 /* LazyGrid.swift in Sources */,
				9D0BD38B2DFE31210029DBBB /* LayoutCodeOrganization.swift in Sources */,
				9D3C74BE2DFCEAEA0048D4E1 /* AnchorTabsExample.swift in Sources */,
				9D0BD3872DFD18320029DBBB /* CircleWithTextWithoutPref.swift in Sources */,
				9D0BD4022E09CD560029DBBB /* PreferencesWithoutGeometryReader.swift in Sources */,
				9D3C749C2DF874060048D4E1 /* Counter.swift in Sources */,
				9D3C74A72DF8941C0048D4E1 /* CircleWithText.swift in Sources */,
				9D3C749D2DF874060048D4E1 /* ImageTest.swift in Sources */,
				9D5916062E10710100797BA7 /* NavigationPathTree.swift in Sources */,
				9D5916102E17F4C200797BA7 /* CircleLayout.swift in Sources */,
				9D3C74BC2DFC73ED0048D4E1 /* AnchorSimpleExample.swift in Sources */,
				9D52781C2E3B8AFD0046C07A /* CompactModeReader.swift in Sources */,
				9D3C74AE2DF907DB0048D4E1 /* Grid2.swift in Sources */,
				9DA62E322E36ED3300C85E7E /* Model.xcdatamodeld in Sources */,
				9D0BD3C02E0261560029DBBB /* StateObject.swift in Sources */,
				9D5916092E10C42200797BA7 /* sandbox.swift in Sources */,
				9DB39EE42E54E17100F9708A /* ZoomableScrollViewExample.swift in Sources */,
				9D5916032E10559000797BA7 /* NavigationPathSample.swift in Sources */,
				9D3C749E2DF874060048D4E1 /* TilesWithStack.swift in Sources */,
				9D3C749F2DF874060048D4E1 /* MeasureBehavior.swift in Sources */,
				9D5916122E189D8200797BA7 /* MyHStack.swift in Sources */,
				9D3C74A52DF8876E0048D4E1 /* Variable.swift in Sources */,
				9D3C74A02DF874060048D4E1 /* ScrollTest.swift in Sources */,
				9D3C74A12DF874060048D4E1 /* SwiftUIAutoLayoutApp.swift in Sources */,
				9DA62E2F2E36EAF500C85E7E /* FetchRequest.swift in Sources */,
				9D3C74AA2DF8E84F0048D4E1 /* IndexCardsWithStack.swift in Sources */,
				9D3C74AC2DF8FB430048D4E1 /* Grid.swift in Sources */,
			);
			runOnlyForDeploymentPostprocessing = 0;
		};
/* End PBXSourcesBuildPhase section */

/* Begin XCBuildConfiguration section */
		9D93F8702DF63979009A957B /* Debug */ = {
			isa = XCBuildConfiguration;
			buildSettings = {
				ALWAYS_SEARCH_USER_PATHS = NO;
				ASSETCATALOG_COMPILER_GENERATE_SWIFT_ASSET_SYMBOL_EXTENSIONS = YES;
				CLANG_ANALYZER_NONNULL = YES;
				CLANG_ANALYZER_NUMBER_OBJECT_CONVERSION = YES_AGGRESSIVE;
				CLANG_CXX_LANGUAGE_STANDARD = "gnu++20";
				CLANG_ENABLE_MODULES = YES;
				CLANG_ENABLE_OBJC_ARC = YES;
				CLANG_ENABLE_OBJC_WEAK = YES;
				CLANG_WARN_BLOCK_CAPTURE_AUTORELEASING = YES;
				CLANG_WARN_BOOL_CONVERSION = YES;
				CLANG_WARN_COMMA = YES;
				CLANG_WARN_CONSTANT_CONVERSION = YES;
				CLANG_WARN_DEPRECATED_OBJC_IMPLEMENTATIONS = YES;
				CLANG_WARN_DIRECT_OBJC_ISA_USAGE = YES_ERROR;
				CLANG_WARN_DOCUMENTATION_COMMENTS = YES;
				CLANG_WARN_EMPTY_BODY = YES;
				CLANG_WARN_ENUM_CONVERSION = YES;
				CLANG_WARN_INFINITE_RECURSION = YES;
				CLANG_WARN_INT_CONVERSION = YES;
				CLANG_WARN_NON_LITERAL_NULL_CONVERSION = YES;
				CLANG_WARN_OBJC_IMPLICIT_RETAIN_SELF = YES;
				CLANG_WARN_OBJC_LITERAL_CONVERSION = YES;
				CLANG_WARN_OBJC_ROOT_CLASS = YES_ERROR;
				CLANG_WARN_QUOTED_INCLUDE_IN_FRAMEWORK_HEADER = YES;
				CLANG_WARN_RANGE_LOOP_ANALYSIS = YES;
				CLANG_WARN_STRICT_PROTOTYPES = YES;
				CLANG_WARN_SUSPICIOUS_MOVE = YES;
				CLANG_WARN_UNGUARDED_AVAILABILITY = YES_AGGRESSIVE;
				CLANG_WARN_UNREACHABLE_CODE = YES;
				CLANG_WARN__DUPLICATE_METHOD_MATCH = YES;
				COPY_PHASE_STRIP = NO;
				DEBUG_INFORMATION_FORMAT = dwarf;
				ENABLE_STRICT_OBJC_MSGSEND = YES;
				ENABLE_TESTABILITY = YES;
				ENABLE_USER_SCRIPT_SANDBOXING = YES;
				GCC_C_LANGUAGE_STANDARD = gnu17;
				GCC_DYNAMIC_NO_PIC = NO;
				GCC_NO_COMMON_BLOCKS = YES;
				GCC_OPTIMIZATION_LEVEL = 0;
				GCC_PREPROCESSOR_DEFINITIONS = (
					"DEBUG=1",
					"$(inherited)",
				);
				GCC_WARN_64_TO_32_BIT_CONVERSION = YES;
				GCC_WARN_ABOUT_RETURN_TYPE = YES_ERROR;
				GCC_WARN_UNDECLARED_SELECTOR = YES;
				GCC_WARN_UNINITIALIZED_AUTOS = YES_AGGRESSIVE;
				GCC_WARN_UNUSED_FUNCTION = YES;
				GCC_WARN_UNUSED_VARIABLE = YES;
				IPHONEOS_DEPLOYMENT_TARGET = 18.2;
				LOCALIZATION_PREFERS_STRING_CATALOGS = YES;
				MTL_ENABLE_DEBUG_INFO = INCLUDE_SOURCE;
				MTL_FAST_MATH = YES;
				ONLY_ACTIVE_ARCH = YES;
				SDKROOT = iphoneos;
				SWIFT_ACTIVE_COMPILATION_CONDITIONS = "DEBUG $(inherited)";
				SWIFT_OPTIMIZATION_LEVEL = "-Onone";
			};
			name = Debug;
		};
		9D93F8712DF63979009A957B /* Release */ = {
			isa = XCBuildConfiguration;
			buildSettings = {
				ALWAYS_SEARCH_USER_PATHS = NO;
				ASSETCATALOG_COMPILER_GENERATE_SWIFT_ASSET_SYMBOL_EXTENSIONS = YES;
				CLANG_ANALYZER_NONNULL = YES;
				CLANG_ANALYZER_NUMBER_OBJECT_CONVERSION = YES_AGGRESSIVE;
				CLANG_CXX_LANGUAGE_STANDARD = "gnu++20";
				CLANG_ENABLE_MODULES = YES;
				CLANG_ENABLE_OBJC_ARC = YES;
				CLANG_ENABLE_OBJC_WEAK = YES;
				CLANG_WARN_BLOCK_CAPTURE_AUTORELEASING = YES;
				CLANG_WARN_BOOL_CONVERSION = YES;
				CLANG_WARN_COMMA = YES;
				CLANG_WARN_CONSTANT_CONVERSION = YES;
				CLANG_WARN_DEPRECATED_OBJC_IMPLEMENTATIONS = YES;
				CLANG_WARN_DIRECT_OBJC_ISA_USAGE = YES_ERROR;
				CLANG_WARN_DOCUMENTATION_COMMENTS = YES;
				CLANG_WARN_EMPTY_BODY = YES;
				CLANG_WARN_ENUM_CONVERSION = YES;
				CLANG_WARN_INFINITE_RECURSION = YES;
				CLANG_WARN_INT_CONVERSION = YES;
				CLANG_WARN_NON_LITERAL_NULL_CONVERSION = YES;
				CLANG_WARN_OBJC_IMPLICIT_RETAIN_SELF = YES;
				CLANG_WARN_OBJC_LITERAL_CONVERSION = YES;
				CLANG_WARN_OBJC_ROOT_CLASS = YES_ERROR;
				CLANG_WARN_QUOTED_INCLUDE_IN_FRAMEWORK_HEADER = YES;
				CLANG_WARN_RANGE_LOOP_ANALYSIS = YES;
				CLANG_WARN_STRICT_PROTOTYPES = YES;
				CLANG_WARN_SUSPICIOUS_MOVE = YES;
				CLANG_WARN_UNGUARDED_AVAILABILITY = YES_AGGRESSIVE;
				CLANG_WARN_UNREACHABLE_CODE = YES;
				CLANG_WARN__DUPLICATE_METHOD_MATCH = YES;
				COPY_PHASE_STRIP = NO;
				DEBUG_INFORMATION_FORMAT = "dwarf-with-dsym";
				ENABLE_NS_ASSERTIONS = NO;
				ENABLE_STRICT_OBJC_MSGSEND = YES;
				ENABLE_USER_SCRIPT_SANDBOXING = YES;
				GCC_C_LANGUAGE_STANDARD = gnu17;
				GCC_NO_COMMON_BLOCKS = YES;
				GCC_WARN_64_TO_32_BIT_CONVERSION = YES;
				GCC_WARN_ABOUT_RETURN_TYPE = YES_ERROR;
				GCC_WARN_UNDECLARED_SELECTOR = YES;
				GCC_WARN_UNINITIALIZED_AUTOS = YES_AGGRESSIVE;
				GCC_WARN_UNUSED_FUNCTION = YES;
				GCC_WARN_UNUSED_VARIABLE = YES;
				IPHONEOS_DEPLOYMENT_TARGET = 18.2;
				LOCALIZATION_PREFERS_STRING_CATALOGS = YES;
				MTL_ENABLE_DEBUG_INFO = NO;
				MTL_FAST_MATH = YES;
				SDKROOT = iphoneos;
				SWIFT_COMPILATION_MODE = wholemodule;
				VALIDATE_PRODUCT = YES;
			};
			name = Release;
		};
		9D93F8732DF63979009A957B /* Debug */ = {
			isa = XCBuildConfiguration;
			buildSettings = {
				ASSETCATALOG_COMPILER_APPICON_NAME = AppIcon;
				ASSETCATALOG_COMPILER_GLOBAL_ACCENT_COLOR_NAME = AccentColor;
				CODE_SIGN_STYLE = Automatic;
				CURRENT_PROJECT_VERSION = 1;
				DEVELOPMENT_ASSET_PATHS = "\"SwiftUIAutoLayout/Preview Content\"";
				DEVELOPMENT_TEAM = 7499ZBZAZ6;
				ENABLE_PREVIEWS = YES;
				GENERATE_INFOPLIST_FILE = YES;
				INFOPLIST_KEY_UIApplicationSceneManifest_Generation = YES;
				INFOPLIST_KEY_UIApplicationSupportsIndirectInputEvents = YES;
				INFOPLIST_KEY_UILaunchScreen_Generation = YES;
				INFOPLIST_KEY_UISupportedInterfaceOrientations_iPad = "UIInterfaceOrientationPortrait UIInterfaceOrientationPortraitUpsideDown UIInterfaceOrientationLandscapeLeft UIInterfaceOrientationLandscapeRight";
				INFOPLIST_KEY_UISupportedInterfaceOrientations_iPhone = "UIInterfaceOrientationPortrait UIInterfaceOrientationLandscapeLeft UIInterfaceOrientationLandscapeRight";
				LD_RUNPATH_SEARCH_PATHS = (
					"$(inherited)",
					"@executable_path/Frameworks",
				);
				MARKETING_VERSION = 1.0;
				PRODUCT_BUNDLE_IDENTIFIER = blackmana.SwiftUIAutoLayout;
				PRODUCT_NAME = "$(TARGET_NAME)";
				SWIFT_EMIT_LOC_STRINGS = YES;
				SWIFT_VERSION = 6.0;
				TARGETED_DEVICE_FAMILY = "1,2";
			};
			name = Debug;
		};
		9D93F8742DF63979009A957B /* Release */ = {
			isa = XCBuildConfiguration;
			buildSettings = {
				ASSETCATALOG_COMPILER_APPICON_NAME = AppIcon;
				ASSETCATALOG_COMPILER_GLOBAL_ACCENT_COLOR_NAME = AccentColor;
				CODE_SIGN_STYLE = Automatic;
				CURRENT_PROJECT_VERSION = 1;
				DEVELOPMENT_ASSET_PATHS = "\"SwiftUIAutoLayout/Preview Content\"";
				DEVELOPMENT_TEAM = 7499ZBZAZ6;
				ENABLE_PREVIEWS = YES;
				GENERATE_INFOPLIST_FILE = YES;
				INFOPLIST_KEY_UIApplicationSceneManifest_Generation = YES;
				INFOPLIST_KEY_UIApplicationSupportsIndirectInputEvents = YES;
				INFOPLIST_KEY_UILaunchScreen_Generation = YES;
				INFOPLIST_KEY_UISupportedInterfaceOrientations_iPad = "UIInterfaceOrientationPortrait UIInterfaceOrientationPortraitUpsideDown UIInterfaceOrientationLandscapeLeft UIInterfaceOrientationLandscapeRight";
				INFOPLIST_KEY_UISupportedInterfaceOrientations_iPhone = "UIInterfaceOrientationPortrait UIInterfaceOrientationLandscapeLeft UIInterfaceOrientationLandscapeRight";
				LD_RUNPATH_SEARCH_PATHS = (
					"$(inherited)",
					"@executable_path/Frameworks",
				);
				MARKETING_VERSION = 1.0;
				PRODUCT_BUNDLE_IDENTIFIER = blackmana.SwiftUIAutoLayout;
				PRODUCT_NAME = "$(TARGET_NAME)";
				SWIFT_EMIT_LOC_STRINGS = YES;
				SWIFT_VERSION = 6.0;
				TARGETED_DEVICE_FAMILY = "1,2";
			};
			name = Release;
		};
/* End XCBuildConfiguration section */

/* Begin XCConfigurationList section */
		9D93F85F2DF63977009A957B /* Build configuration list for PBXProject "SwiftUIAutoLayout" */ = {
			isa = XCConfigurationList;
			buildConfigurations = (
				9D93F8702DF63979009A957B /* Debug */,
				9D93F8712DF63979009A957B /* Release */,
			);
			defaultConfigurationIsVisible = 0;
			defaultConfigurationName = Release;
		};
		9D93F8722DF63979009A957B /* Build configuration list for PBXNativeTarget "SwiftUIAutoLayout" */ = {
			isa = XCConfigurationList;
			buildConfigurations = (
				9D93F8732DF63979009A957B /* Debug */,
				9D93F8742DF63979009A957B /* Release */,
			);
			defaultConfigurationIsVisible = 0;
			defaultConfigurationName = Release;
		};
/* End XCConfigurationList section */

/* Begin XCVersionGroup section */
		9DA62E302E36ED3300C85E7E /* Model.xcdatamodeld */ = {
			isa = XCVersionGroup;
			children = (
				9DA62E312E36ED3300C85E7E /* Model.xcdatamodel */,
			);
			currentVersion = 9DA62E312E36ED3300C85E7E /* Model.xcdatamodel */;
			path = Model.xcdatamodeld;
			sourceTree = "<group>";
			versionGroupType = wrapper.xcdatamodel;
		};
/* End XCVersionGroup section */
	};
	rootObject = 9D93F85C2DF63977009A957B /* Project object */;
}
